{
  "name": "astn-typedhandlers-lib",
  "version": "0.22.0",
  "lockfileVersion": 2,
  "requires": true,
  "packages": {
    "": {
      "name": "astn-typedhandlers-lib",
      "version": "0.22.0",
      "license": "ISC",
      "dependencies": {
        "api-astn-handlers": "^0.3.0",
        "api-astn-tokenconsumer": "^0.4.0",
        "api-astn-typedhandlers": "^0.2.0",
        "pareto-core-lib": "^0.13.0",
        "pareto-core-resolve": "^0.14.0"
      }
    },
    "node_modules/api-astn-handlers": {
      "version": "0.3.0",
      "resolved": "https://registry.npmjs.org/api-astn-handlers/-/api-astn-handlers-0.3.0.tgz",
      "integrity": "sha512-BpgSqXPOKV1LdVBFjcjurS/0R/12wx8ojsjEYYU86vb+vDoR7ipzzMQfmkxktaSxYAans4j4xwfFCrZfKrNsfQ==",
      "dependencies": {
        "pareto-core-types": "^0.6.0"
      }
    },
    "node_modules/api-astn-tokenconsumer": {
      "version": "0.4.0",
      "resolved": "https://registry.npmjs.org/api-astn-tokenconsumer/-/api-astn-tokenconsumer-0.4.0.tgz",
      "integrity": "sha512-GD+8Or70ycS1E76It6eU3ZhMpJESBnrDmG2xs3IwbVAQhaVwq8BR2/mR+vk0l/aRshxydu89vk2LYYBNviJvag==",
      "dependencies": {
        "pareto-core-types": "^0.6.0"
      }
    },
    "node_modules/api-astn-typedhandlers": {
      "version": "0.2.0",
      "resolved": "https://registry.npmjs.org/api-astn-typedhandlers/-/api-astn-typedhandlers-0.2.0.tgz",
      "integrity": "sha512-KXLupiUqmH6oFd+HgFnQ71pveTD68uqlokb4UYjPlYWnp9GqOXmSKlbJxys6xw+GsJ9pV0NXcpNb8KwJA+DDGg==",
      "dependencies": {
        "api-astn-handlers": "^0.2.0",
        "pareto-core-types": "^0.6.0"
      }
    },
    "node_modules/api-astn-typedhandlers/node_modules/api-astn-handlers": {
      "version": "0.2.0",
      "resolved": "https://registry.npmjs.org/api-astn-handlers/-/api-astn-handlers-0.2.0.tgz",
      "integrity": "sha512-YkoptAI6688dJDuPVg0Dc63G07zF++qSz3CotgMDl1w0To5ByDEvMQRCY3NGHjBeK/625AbB5RTfM4d3ENPlGg==",
      "dependencies": {
        "pareto-core-types": "^0.6.0"
      }
    },
    "node_modules/pareto-core-lib": {
      "version": "0.13.0",
      "resolved": "https://registry.npmjs.org/pareto-core-lib/-/pareto-core-lib-0.13.0.tgz",
      "integrity": "sha512-fVEIhq2G7ZJ9VDowMaftS8MhyGCShQkk8h0JFFWLsEm3usM//gffdeOfxKBdoPa8gdKskVozv3wbWf6jFTnEUQ==",
      "dependencies": {
        "pareto-typesystem-core": "^0.6.0"
      }
    },
    "node_modules/pareto-core-lib/node_modules/pareto-typesystem-core": {
      "version": "0.6.0",
      "resolved": "https://registry.npmjs.org/pareto-typesystem-core/-/pareto-typesystem-core-0.6.0.tgz",
      "integrity": "sha512-CJwKu7lYvLBEzNuvbp5Vk8eND0Jsmlburk04/PsknFAx9QiN9EpYhRAQ1oJY4OAh6hZv6WY/kLAAAZu6w2LuxQ=="
    },
    "node_modules/pareto-core-resolve": {
      "version": "0.14.0",
      "resolved": "https://registry.npmjs.org/pareto-core-resolve/-/pareto-core-resolve-0.14.0.tgz",
      "integrity": "sha512-8C00E5209hSkWPu1qhSCFyUWIh+aJZ3Y9aqhF+oZfnyjB5wzNelEw0y6I8j1gsUuoMdE9MSjh3sUUmKnO1uRdg==",
      "dependencies": {
        "pareto-typesystem-core": "^0.6.0"
      }
    },
    "node_modules/pareto-core-resolve/node_modules/pareto-typesystem-core": {
      "version": "0.6.0",
      "resolved": "https://registry.npmjs.org/pareto-typesystem-core/-/pareto-typesystem-core-0.6.0.tgz",
      "integrity": "sha512-CJwKu7lYvLBEzNuvbp5Vk8eND0Jsmlburk04/PsknFAx9QiN9EpYhRAQ1oJY4OAh6hZv6WY/kLAAAZu6w2LuxQ=="
    },
    "node_modules/pareto-core-types": {
      "version": "0.6.0",
      "resolved": "https://registry.npmjs.org/pareto-core-types/-/pareto-core-types-0.6.0.tgz",
      "integrity": "sha512-q9M6w+M6kgJBaroffQto9oRqsBKDpYI+JbJgO+7wVUx5QPew9kEsdevkNfjPPPWhq0grRg9Nj3t2gQy6wXyL2g=="
    }
  },
  "dependencies": {
    "api-astn-handlers": {
      "version": "0.3.0",
      "resolved": "https://registry.npmjs.org/api-astn-handlers/-/api-astn-handlers-0.3.0.tgz",
      "integrity": "sha512-BpgSqXPOKV1LdVBFjcjurS/0R/12wx8ojsjEYYU86vb+vDoR7ipzzMQfmkxktaSxYAans4j4xwfFCrZfKrNsfQ==",
      "requires": {
        "pareto-core-types": "^0.6.0"
      }
    },
    "api-astn-tokenconsumer": {
      "version": "0.4.0",
      "resolved": "https://registry.npmjs.org/api-astn-tokenconsumer/-/api-astn-tokenconsumer-0.4.0.tgz",
      "integrity": "sha512-GD+8Or70ycS1E76It6eU3ZhMpJESBnrDmG2xs3IwbVAQhaVwq8BR2/mR+vk0l/aRshxydu89vk2LYYBNviJvag==",
      "requires": {
        "pareto-core-types": "^0.6.0"
      }
    },
    "api-astn-typedhandlers": {
      "version": "0.2.0",
      "resolved": "https://registry.npmjs.org/api-astn-typedhandlers/-/api-astn-typedhandlers-0.2.0.tgz",
      "integrity": "sha512-KXLupiUqmH6oFd+HgFnQ71pveTD68uqlokb4UYjPlYWnp9GqOXmSKlbJxys6xw+GsJ9pV0NXcpNb8KwJA+DDGg==",
      "requires": {
        "api-astn-handlers": "^0.2.0",
        "pareto-core-types": "^0.6.0"
      },
      "dependencies": {
        "api-astn-handlers": {
          "version": "0.2.0",
          "resolved": "https://registry.npmjs.org/api-astn-handlers/-/api-astn-handlers-0.2.0.tgz",
          "integrity": "sha512-YkoptAI6688dJDuPVg0Dc63G07zF++qSz3CotgMDl1w0To5ByDEvMQRCY3NGHjBeK/625AbB5RTfM4d3ENPlGg==",
          "requires": {
            "pareto-core-types": "^0.6.0"
          }
        }
      }
    },
    "pareto-core-lib": {
      "version": "0.13.0",
      "resolved": "https://registry.npmjs.org/pareto-core-lib/-/pareto-core-lib-0.13.0.tgz",
      "integrity": "sha512-fVEIhq2G7ZJ9VDowMaftS8MhyGCShQkk8h0JFFWLsEm3usM//gffdeOfxKBdoPa8gdKskVozv3wbWf6jFTnEUQ==",
      "requires": {
        "pareto-typesystem-core": "^0.6.0"
      },
      "dependencies": {
        "pareto-typesystem-core": {
          "version": "0.6.0",
          "resolved": "https://registry.npmjs.org/pareto-typesystem-core/-/pareto-typesystem-core-0.6.0.tgz",
          "integrity": "sha512-CJwKu7lYvLBEzNuvbp5Vk8eND0Jsmlburk04/PsknFAx9QiN9EpYhRAQ1oJY4OAh6hZv6WY/kLAAAZu6w2LuxQ=="
        }
      }
    },
    "pareto-core-resolve": {
      "version": "0.14.0",
      "resolved": "https://registry.npmjs.org/pareto-core-resolve/-/pareto-core-resolve-0.14.0.tgz",
      "integrity": "sha512-8C00E5209hSkWPu1qhSCFyUWIh+aJZ3Y9aqhF+oZfnyjB5wzNelEw0y6I8j1gsUuoMdE9MSjh3sUUmKnO1uRdg==",
      "requires": {
        "pareto-typesystem-core": "^0.6.0"
      },
      "dependencies": {
        "pareto-typesystem-core": {
          "version": "0.6.0",
          "resolved": "https://registry.npmjs.org/pareto-typesystem-core/-/pareto-typesystem-core-0.6.0.tgz",
          "integrity": "sha512-CJwKu7lYvLBEzNuvbp5Vk8eND0Jsmlburk04/PsknFAx9QiN9EpYhRAQ1oJY4OAh6hZv6WY/kLAAAZu6w2LuxQ=="
        }
      }
    },
    "pareto-core-types": {
      "version": "0.6.0",
      "resolved": "https://registry.npmjs.org/pareto-core-types/-/pareto-core-types-0.6.0.tgz",
      "integrity": "sha512-q9M6w+M6kgJBaroffQto9oRqsBKDpYI+JbJgO+7wVUx5QPew9kEsdevkNfjPPPWhq0grRg9Nj3t2gQy6wXyL2g=="
    }
  }
}
